// !$*UTF8*$!
{
	archiveVersion = 1;
	classes = {
	};
	objectVersion = 50;
	objects = {

/* Begin PBXBuildFile section */
		01E96823669B46A2FE9BBAEC /* Pods_MYAPP.framework in Frameworks */ = {isa = PBXBuildFile; fileRef = 2EB676485747D1500CD920BB /* Pods_MYAPP.framework */; };
		1BD52FD10DC7E13B9EEF675B /* Pods_MYAPPUITests.framework in Frameworks */ = {isa = PBXBuildFile; fileRef = 6ADF5134857B577211DD34DB /* Pods_MYAPPUITests.framework */; };
		D0290B80216BB81C00AA9D5A /* CollectionHeaderView.swift in Sources */ = {isa = PBXBuildFile; fileRef = D0290B7E216BB81C00AA9D5A /* CollectionHeaderView.swift */; };
		D0290B81216BB81C00AA9D5A /* CollectionHeaderView.xib in Resources */ = {isa = PBXBuildFile; fileRef = D0290B7F216BB81C00AA9D5A /* CollectionHeaderView.xib */; };
		D03C035F215B95D8006CAAF0 /* Home.storyboard in Resources */ = {isa = PBXBuildFile; fileRef = D03C035D215B95D8006CAAF0 /* Home.storyboard */; };
		D03C0362215B96BA006CAAF0 /* Live.storyboard in Resources */ = {isa = PBXBuildFile; fileRef = D03C0360215B96BA006CAAF0 /* Live.storyboard */; };
		D03C0365215B9704006CAAF0 /* Follow.storyboard in Resources */ = {isa = PBXBuildFile; fileRef = D03C0363215B9704006CAAF0 /* Follow.storyboard */; };
		D05140C62160D3A500550A0A /* common.swift in Sources */ = {isa = PBXBuildFile; fileRef = D05140C52160D3A500550A0A /* common.swift */; };
		D05352E421688BB800B5ECA6 /* RecommendViewController.swift in Sources */ = {isa = PBXBuildFile; fileRef = D05352E321688BB800B5ECA6 /* RecommendViewController.swift */; };
		D066AEF0215A530900D9EC2B /* AppDelegate.swift in Sources */ = {isa = PBXBuildFile; fileRef = D066AEEF215A530900D9EC2B /* AppDelegate.swift */; };
		D066AEF5215A530900D9EC2B /* Main.storyboard in Resources */ = {isa = PBXBuildFile; fileRef = D066AEF3215A530900D9EC2B /* Main.storyboard */; };
		D066AEF7215A530A00D9EC2B /* Assets.xcassets in Resources */ = {isa = PBXBuildFile; fileRef = D066AEF6215A530A00D9EC2B /* Assets.xcassets */; };
		D066AEFA215A530A00D9EC2B /* LaunchScreen.storyboard in Resources */ = {isa = PBXBuildFile; fileRef = D066AEF8215A530A00D9EC2B /* LaunchScreen.storyboard */; };
		D071587D2164785C0028E407 /* PageContentView.swift in Sources */ = {isa = PBXBuildFile; fileRef = D071587C2164785C0028E407 /* PageContentView.swift */; };
		D071587F21648CC90028E407 /* UIColor-Extension.swift in Sources */ = {isa = PBXBuildFile; fileRef = D071587E21648CC90028E407 /* UIColor-Extension.swift */; };
		D09262B0216DFBB000A11EE3 /* CollectionViewNormalCell.swift in Sources */ = {isa = PBXBuildFile; fileRef = D09262AE216DFBB000A11EE3 /* CollectionViewNormalCell.swift */; };
		D09262B1216DFBB000A11EE3 /* CollectionViewNormalCell.xib in Resources */ = {isa = PBXBuildFile; fileRef = D09262AF216DFBB000A11EE3 /* CollectionViewNormalCell.xib */; };
		D09262B4216E0B3E00A11EE3 /* CollectionViewSpecialCell.swift in Sources */ = {isa = PBXBuildFile; fileRef = D09262B2216E0B3E00A11EE3 /* CollectionViewSpecialCell.swift */; };
		D09262B5216E0B3E00A11EE3 /* CollectionViewSpecialCell.xib in Resources */ = {isa = PBXBuildFile; fileRef = D09262B3216E0B3E00A11EE3 /* CollectionViewSpecialCell.xib */; };
		D0AE9CE0215E2E2B00A5137D /* UIBarButtonItem-Extension.swift in Sources */ = {isa = PBXBuildFile; fileRef = D0AE9CDF215E2E2B00A5137D /* UIBarButtonItem-Extension.swift */; };
		D0AE9CE4215E57D300A5137D /* PageTitleView.swift in Sources */ = {isa = PBXBuildFile; fileRef = D0AE9CE3215E57D300A5137D /* PageTitleView.swift */; };
		D0C4A324215B988F00DED35F /* Profile.storyboard in Resources */ = {isa = PBXBuildFile; fileRef = D0C4A323215B988F00DED35F /* Profile.storyboard */; };
		D0C4A338215BB15D00DED35F /* HomeViewController.swift in Sources */ = {isa = PBXBuildFile; fileRef = D0C4A337215BB15D00DED35F /* HomeViewController.swift */; };
		D0FBA46C2174BB19005A39D4 /* NetworkTools.swift in Sources */ = {isa = PBXBuildFile; fileRef = D0FBA46B2174BB19005A39D4 /* NetworkTools.swift */; };
		E9845A686F88385FC79588E9 /* Pods_MYAPPTests.framework in Frameworks */ = {isa = PBXBuildFile; fileRef = F485DC3D92C92E8A45E53243 /* Pods_MYAPPTests.framework */; };
/* End PBXBuildFile section */

/* Begin PBXContainerItemProxy section */
		D066AF01215A530A00D9EC2B /* PBXContainerItemProxy */ = {
			isa = PBXContainerItemProxy;
			containerPortal = D066AEE4215A530900D9EC2B /* Project object */;
			proxyType = 1;
			remoteGlobalIDString = D066AEEB215A530900D9EC2B;
			remoteInfo = MYAPP;
		};
		D066AF0C215A530A00D9EC2B /* PBXContainerItemProxy */ = {
			isa = PBXContainerItemProxy;
			containerPortal = D066AEE4215A530900D9EC2B /* Project object */;
			proxyType = 1;
			remoteGlobalIDString = D066AEEB215A530900D9EC2B;
			remoteInfo = MYAPP;
		};
/* End PBXContainerItemProxy section */

/* Begin PBXFileReference section */
		2EB676485747D1500CD920BB /* Pods_MYAPP.framework */ = {isa = PBXFileReference; explicitFileType = wrapper.framework; includeInIndex = 0; path = Pods_MYAPP.framework; sourceTree = BUILT_PRODUCTS_DIR; };
		4085B325857C05BA1AE656B3 /* Pods-MYAPPTests.release.xcconfig */ = {isa = PBXFileReference; includeInIndex = 1; lastKnownFileType = text.xcconfig; name = "Pods-MYAPPTests.release.xcconfig"; path = "Pods/Target Support Files/Pods-MYAPPTests/Pods-MYAPPTests.release.xcconfig"; sourceTree = "<group>"; };
		4A3AF678B1354E32D792C279 /* Pods-MYAPPUITests.debug.xcconfig */ = {isa = PBXFileReference; includeInIndex = 1; lastKnownFileType = text.xcconfig; name = "Pods-MYAPPUITests.debug.xcconfig"; path = "Pods/Target Support Files/Pods-MYAPPUITests/Pods-MYAPPUITests.debug.xcconfig"; sourceTree = "<group>"; };
		622229A035B36AA7442FAC87 /* Pods-MYAPP.debug.xcconfig */ = {isa = PBXFileReference; includeInIndex = 1; lastKnownFileType = text.xcconfig; name = "Pods-MYAPP.debug.xcconfig"; path = "Pods/Target Support Files/Pods-MYAPP/Pods-MYAPP.debug.xcconfig"; sourceTree = "<group>"; };
		6ADF5134857B577211DD34DB /* Pods_MYAPPUITests.framework */ = {isa = PBXFileReference; explicitFileType = wrapper.framework; includeInIndex = 0; path = Pods_MYAPPUITests.framework; sourceTree = BUILT_PRODUCTS_DIR; };
		A3F6646DAE988077C2C26A16 /* Pods-MYAPPUITests.release.xcconfig */ = {isa = PBXFileReference; includeInIndex = 1; lastKnownFileType = text.xcconfig; name = "Pods-MYAPPUITests.release.xcconfig"; path = "Pods/Target Support Files/Pods-MYAPPUITests/Pods-MYAPPUITests.release.xcconfig"; sourceTree = "<group>"; };
		CCF1287721315F8519E63DD9 /* Pods-MYAPPTests.debug.xcconfig */ = {isa = PBXFileReference; includeInIndex = 1; lastKnownFileType = text.xcconfig; name = "Pods-MYAPPTests.debug.xcconfig"; path = "Pods/Target Support Files/Pods-MYAPPTests/Pods-MYAPPTests.debug.xcconfig"; sourceTree = "<group>"; };
		D0290B7E216BB81C00AA9D5A /* CollectionHeaderView.swift */ = {isa = PBXFileReference; lastKnownFileType = sourcecode.swift; path = CollectionHeaderView.swift; sourceTree = "<group>"; };
		D0290B7F216BB81C00AA9D5A /* CollectionHeaderView.xib */ = {isa = PBXFileReference; lastKnownFileType = file.xib; path = CollectionHeaderView.xib; sourceTree = "<group>"; };
		D03C035E215B95D8006CAAF0 /* Base */ = {isa = PBXFileReference; lastKnownFileType = file.storyboard; name = Base; path = MYAPP/Classes/Main/Base.lproj/Home.storyboard; sourceTree = "<group>"; };
		D03C0361215B96BA006CAAF0 /* Base */ = {isa = PBXFileReference; lastKnownFileType = file.storyboard; name = Base; path = MYAPP/Classes/Main/Base.lproj/Live.storyboard; sourceTree = "<group>"; };
		D03C0364215B9704006CAAF0 /* Base */ = {isa = PBXFileReference; lastKnownFileType = file.storyboard; name = Base; path = MYAPP/Classes/Main/Base.lproj/Follow.storyboard; sourceTree = "<group>"; };
		D05140C52160D3A500550A0A /* common.swift */ = {isa = PBXFileReference; lastKnownFileType = sourcecode.swift; path = common.swift; sourceTree = "<group>"; };
		D05352E321688BB800B5ECA6 /* RecommendViewController.swift */ = {isa = PBXFileReference; lastKnownFileType = sourcecode.swift; path = RecommendViewController.swift; sourceTree = "<group>"; };
		D066AEEC215A530900D9EC2B /* MYAPP.app */ = {isa = PBXFileReference; explicitFileType = wrapper.application; includeInIndex = 0; path = MYAPP.app; sourceTree = BUILT_PRODUCTS_DIR; };
		D066AEEF215A530900D9EC2B /* AppDelegate.swift */ = {isa = PBXFileReference; lastKnownFileType = sourcecode.swift; path = AppDelegate.swift; sourceTree = "<group>"; };
		D066AEF4215A530900D9EC2B /* Base */ = {isa = PBXFileReference; lastKnownFileType = file.storyboard; name = Base; path = Base.lproj/Main.storyboard; sourceTree = "<group>"; };
		D066AEF6215A530A00D9EC2B /* Assets.xcassets */ = {isa = PBXFileReference; lastKnownFileType = folder.assetcatalog; path = Assets.xcassets; sourceTree = "<group>"; };
		D066AEF9215A530A00D9EC2B /* Base */ = {isa = PBXFileReference; lastKnownFileType = file.storyboard; name = Base; path = Base.lproj/LaunchScreen.storyboard; sourceTree = "<group>"; };
		D066AEFB215A530A00D9EC2B /* Info.plist */ = {isa = PBXFileReference; lastKnownFileType = text.plist.xml; path = Info.plist; sourceTree = "<group>"; };
		D066AF00215A530A00D9EC2B /* MYAPPTests.xctest */ = {isa = PBXFileReference; explicitFileType = wrapper.cfbundle; includeInIndex = 0; path = MYAPPTests.xctest; sourceTree = BUILT_PRODUCTS_DIR; };
		D066AF0B215A530A00D9EC2B /* MYAPPUITests.xctest */ = {isa = PBXFileReference; explicitFileType = wrapper.cfbundle; includeInIndex = 0; path = MYAPPUITests.xctest; sourceTree = BUILT_PRODUCTS_DIR; };
		D071587C2164785C0028E407 /* PageContentView.swift */ = {isa = PBXFileReference; lastKnownFileType = sourcecode.swift; path = PageContentView.swift; sourceTree = "<group>"; };
		D071587E21648CC90028E407 /* UIColor-Extension.swift */ = {isa = PBXFileReference; lastKnownFileType = sourcecode.swift; path = "UIColor-Extension.swift"; sourceTree = "<group>"; };
		D09262AE216DFBB000A11EE3 /* CollectionViewNormalCell.swift */ = {isa = PBXFileReference; lastKnownFileType = sourcecode.swift; path = CollectionViewNormalCell.swift; sourceTree = "<group>"; };
		D09262AF216DFBB000A11EE3 /* CollectionViewNormalCell.xib */ = {isa = PBXFileReference; lastKnownFileType = file.xib; path = CollectionViewNormalCell.xib; sourceTree = "<group>"; };
		D09262B2216E0B3E00A11EE3 /* CollectionViewSpecialCell.swift */ = {isa = PBXFileReference; lastKnownFileType = sourcecode.swift; path = CollectionViewSpecialCell.swift; sourceTree = "<group>"; };
		D09262B3216E0B3E00A11EE3 /* CollectionViewSpecialCell.xib */ = {isa = PBXFileReference; lastKnownFileType = file.xib; path = CollectionViewSpecialCell.xib; sourceTree = "<group>"; };
		D0AE9CDF215E2E2B00A5137D /* UIBarButtonItem-Extension.swift */ = {isa = PBXFileReference; lastKnownFileType = sourcecode.swift; path = "UIBarButtonItem-Extension.swift"; sourceTree = "<group>"; };
		D0AE9CE3215E57D300A5137D /* PageTitleView.swift */ = {isa = PBXFileReference; lastKnownFileType = sourcecode.swift; path = PageTitleView.swift; sourceTree = "<group>"; };
		D0C4A323215B988F00DED35F /* Profile.storyboard */ = {isa = PBXFileReference; fileEncoding = 4; lastKnownFileType = file.storyboard; path = Profile.storyboard; sourceTree = "<group>"; };
		D0C4A337215BB15D00DED35F /* HomeViewController.swift */ = {isa = PBXFileReference; lastKnownFileType = sourcecode.swift; path = HomeViewController.swift; sourceTree = "<group>"; };
		D0FBA46B2174BB19005A39D4 /* NetworkTools.swift */ = {isa = PBXFileReference; fileEncoding = 4; lastKnownFileType = sourcecode.swift; path = NetworkTools.swift; sourceTree = "<group>"; };
		F485DC3D92C92E8A45E53243 /* Pods_MYAPPTests.framework */ = {isa = PBXFileReference; explicitFileType = wrapper.framework; includeInIndex = 0; path = Pods_MYAPPTests.framework; sourceTree = BUILT_PRODUCTS_DIR; };
		F63D63456F2712F97556CD48 /* Pods-MYAPP.release.xcconfig */ = {isa = PBXFileReference; includeInIndex = 1; lastKnownFileType = text.xcconfig; name = "Pods-MYAPP.release.xcconfig"; path = "Pods/Target Support Files/Pods-MYAPP/Pods-MYAPP.release.xcconfig"; sourceTree = "<group>"; };
/* End PBXFileReference section */

/* Begin PBXFrameworksBuildPhase section */
		D066AEE9215A530900D9EC2B /* Frameworks */ = {
			isa = PBXFrameworksBuildPhase;
			buildActionMask = 2147483647;
			files = (
				01E96823669B46A2FE9BBAEC /* Pods_MYAPP.framework in Frameworks */,
			);
			runOnlyForDeploymentPostprocessing = 0;
		};
		D066AEFD215A530A00D9EC2B /* Frameworks */ = {
			isa = PBXFrameworksBuildPhase;
			buildActionMask = 2147483647;
			files = (
				E9845A686F88385FC79588E9 /* Pods_MYAPPTests.framework in Frameworks */,
			);
			runOnlyForDeploymentPostprocessing = 0;
		};
		D066AF08215A530A00D9EC2B /* Frameworks */ = {
			isa = PBXFrameworksBuildPhase;
			buildActionMask = 2147483647;
			files = (
				1BD52FD10DC7E13B9EEF675B /* Pods_MYAPPUITests.framework in Frameworks */,
			);
			runOnlyForDeploymentPostprocessing = 0;
		};
/* End PBXFrameworksBuildPhase section */

/* Begin PBXGroup section */
		302EF5A6B25A0957B47F0180 /* Pods */ = {
			isa = PBXGroup;
			children = (
				622229A035B36AA7442FAC87 /* Pods-MYAPP.debug.xcconfig */,
				F63D63456F2712F97556CD48 /* Pods-MYAPP.release.xcconfig */,
				CCF1287721315F8519E63DD9 /* Pods-MYAPPTests.debug.xcconfig */,
				4085B325857C05BA1AE656B3 /* Pods-MYAPPTests.release.xcconfig */,
				4A3AF678B1354E32D792C279 /* Pods-MYAPPUITests.debug.xcconfig */,
				A3F6646DAE988077C2C26A16 /* Pods-MYAPPUITests.release.xcconfig */,
			);
			name = Pods;
			sourceTree = "<group>";
		};
		37A4F1D4BB97020682AED4A4 /* Frameworks */ = {
			isa = PBXGroup;
			children = (
				2EB676485747D1500CD920BB /* Pods_MYAPP.framework */,
				F485DC3D92C92E8A45E53243 /* Pods_MYAPPTests.framework */,
				6ADF5134857B577211DD34DB /* Pods_MYAPPUITests.framework */,
			);
			name = Frameworks;
			sourceTree = "<group>";
		};
		D066AEE3215A530900D9EC2B = {
			isa = PBXGroup;
			children = (
				D066AEEE215A530900D9EC2B /* MYAPP */,
				D066AEED215A530900D9EC2B /* Products */,
				302EF5A6B25A0957B47F0180 /* Pods */,
				37A4F1D4BB97020682AED4A4 /* Frameworks */,
			);
			sourceTree = "<group>";
		};
		D066AEED215A530900D9EC2B /* Products */ = {
			isa = PBXGroup;
			children = (
				D066AEEC215A530900D9EC2B /* MYAPP.app */,
				D066AF00215A530A00D9EC2B /* MYAPPTests.xctest */,
				D066AF0B215A530A00D9EC2B /* MYAPPUITests.xctest */,
			);
			name = Products;
			sourceTree = "<group>";
		};
		D066AEEE215A530900D9EC2B /* MYAPP */ = {
			isa = PBXGroup;
			children = (
				D066AF1D215A62EA00D9EC2B /* Classes */,
				D066AEEF215A530900D9EC2B /* AppDelegate.swift */,
				D066AEF6215A530A00D9EC2B /* Assets.xcassets */,
				D066AEF8215A530A00D9EC2B /* LaunchScreen.storyboard */,
				D066AEFB215A530A00D9EC2B /* Info.plist */,
			);
			path = MYAPP;
			sourceTree = "<group>";
		};
		D066AF1D215A62EA00D9EC2B /* Classes */ = {
			isa = PBXGroup;
			children = (
				D066AF23215A62EA00D9EC2B /* Main */,
				D066AF1E215A62EA00D9EC2B /* Home */,
				D066AF22215A62EA00D9EC2B /* Live */,
				D066AF20215A62EA00D9EC2B /* Follow */,
				D066AF21215A62EA00D9EC2B /* Profile */,
				D066AF1F215A62EA00D9EC2B /* Tools */,
			);
			path = Classes;
			sourceTree = "<group>";
		};
		D066AF1E215A62EA00D9EC2B /* Home */ = {
			isa = PBXGroup;
			children = (
				D0C4A328215BAF9600DED35F /* Modle */,
				D0C4A32A215BAF9600DED35F /* View */,
				D0C4A329215BAF9600DED35F /* Controller */,
			);
			path = Home;
			sourceTree = "<group>";
		};
		D066AF1F215A62EA00D9EC2B /* Tools */ = {
			isa = PBXGroup;
			children = (
				D0AE9CDE215E2BDE00A5137D /* Extension */,
				D05140C52160D3A500550A0A /* common.swift */,
				D0FBA46B2174BB19005A39D4 /* NetworkTools.swift */,
			);
			path = Tools;
			sourceTree = "<group>";
		};
		D066AF20215A62EA00D9EC2B /* Follow */ = {
			isa = PBXGroup;
			children = (
				D0C4A32E215BAFA800DED35F /* Modle */,
				D0C4A330215BAFA800DED35F /* View */,
				D0C4A32F215BAFA800DED35F /* Controller */,
			);
			path = Follow;
			sourceTree = "<group>";
		};
		D066AF21215A62EA00D9EC2B /* Profile */ = {
			isa = PBXGroup;
			children = (
				D0C4A331215BAFC000DED35F /* Modle */,
				D0C4A333215BAFC100DED35F /* View */,
				D0C4A332215BAFC000DED35F /* Controller */,
			);
			path = Profile;
			sourceTree = "<group>";
		};
		D066AF22215A62EA00D9EC2B /* Live */ = {
			isa = PBXGroup;
			children = (
				D0C4A32B215BAF9E00DED35F /* Modle */,
				D0C4A32D215BAF9F00DED35F /* View */,
				D0C4A32C215BAF9E00DED35F /* Controller */,
			);
			path = Live;
			sourceTree = "<group>";
		};
		D066AF23215A62EA00D9EC2B /* Main */ = {
			isa = PBXGroup;
			children = (
				D0C4A325215BAF8700DED35F /* Modle */,
				D0C4A327215BAF8800DED35F /* View */,
				D0C4A326215BAF8700DED35F /* Controller */,
			);
			path = Main;
			sourceTree = "<group>";
		};
		D0AE9CDE215E2BDE00A5137D /* Extension */ = {
			isa = PBXGroup;
			children = (
				D0AE9CDF215E2E2B00A5137D /* UIBarButtonItem-Extension.swift */,
				D071587E21648CC90028E407 /* UIColor-Extension.swift */,
			);
			path = Extension;
			sourceTree = "<group>";
		};
		D0C4A325215BAF8700DED35F /* Modle */ = {
			isa = PBXGroup;
			children = (
			);
			path = Modle;
			sourceTree = "<group>";
		};
		D0C4A326215BAF8700DED35F /* Controller */ = {
			isa = PBXGroup;
			children = (
				D066AEF3215A530900D9EC2B /* Main.storyboard */,
			);
			path = Controller;
			sourceTree = "<group>";
		};
		D0C4A327215BAF8800DED35F /* View */ = {
			isa = PBXGroup;
			children = (
				D0AE9CE3215E57D300A5137D /* PageTitleView.swift */,
				D071587C2164785C0028E407 /* PageContentView.swift */,
				D09262AE216DFBB000A11EE3 /* CollectionViewNormalCell.swift */,
				D09262AF216DFBB000A11EE3 /* CollectionViewNormalCell.xib */,
				D09262B2216E0B3E00A11EE3 /* CollectionViewSpecialCell.swift */,
				D09262B3216E0B3E00A11EE3 /* CollectionViewSpecialCell.xib */,
			);
			path = View;
			sourceTree = "<group>";
		};
		D0C4A328215BAF9600DED35F /* Modle */ = {
			isa = PBXGroup;
			children = (
			);
			path = Modle;
			sourceTree = "<group>";
		};
		D0C4A329215BAF9600DED35F /* Controller */ = {
			isa = PBXGroup;
			children = (
				D03C035D215B95D8006CAAF0 /* Home.storyboard */,
				D0C4A337215BB15D00DED35F /* HomeViewController.swift */,
				D05352E321688BB800B5ECA6 /* RecommendViewController.swift */,
			);
			path = Controller;
			sourceTree = "<group>";
		};
		D0C4A32A215BAF9600DED35F /* View */ = {
			isa = PBXGroup;
			children = (
				D0290B7E216BB81C00AA9D5A /* CollectionHeaderView.swift */,
				D0290B7F216BB81C00AA9D5A /* CollectionHeaderView.xib */,
			);
			path = View;
			sourceTree = "<group>";
		};
		D0C4A32B215BAF9E00DED35F /* Modle */ = {
			isa = PBXGroup;
			children = (
			);
			path = Modle;
			sourceTree = "<group>";
		};
		D0C4A32C215BAF9E00DED35F /* Controller */ = {
			isa = PBXGroup;
			children = (
				D03C0360215B96BA006CAAF0 /* Live.storyboard */,
			);
			path = Controller;
			sourceTree = "<group>";
		};
		D0C4A32D215BAF9F00DED35F /* View */ = {
			isa = PBXGroup;
			children = (
			);
			path = View;
			sourceTree = "<group>";
		};
		D0C4A32E215BAFA800DED35F /* Modle */ = {
			isa = PBXGroup;
			children = (
			);
			path = Modle;
			sourceTree = "<group>";
		};
		D0C4A32F215BAFA800DED35F /* Controller */ = {
			isa = PBXGroup;
			children = (
				D03C0363215B9704006CAAF0 /* Follow.storyboard */,
			);
			path = Controller;
			sourceTree = "<group>";
		};
		D0C4A330215BAFA800DED35F /* View */ = {
			isa = PBXGroup;
			children = (
			);
			path = View;
			sourceTree = "<group>";
		};
		D0C4A331215BAFC000DED35F /* Modle */ = {
			isa = PBXGroup;
			children = (
			);
			path = Modle;
			sourceTree = "<group>";
		};
		D0C4A332215BAFC000DED35F /* Controller */ = {
			isa = PBXGroup;
			children = (
				D0C4A323215B988F00DED35F /* Profile.storyboard */,
			);
			path = Controller;
			sourceTree = "<group>";
		};
		D0C4A333215BAFC100DED35F /* View */ = {
			isa = PBXGroup;
			children = (
			);
			path = View;
			sourceTree = "<group>";
		};
/* End PBXGroup section */

/* Begin PBXNativeTarget section */
		D066AEEB215A530900D9EC2B /* MYAPP */ = {
			isa = PBXNativeTarget;
			buildConfigurationList = D066AF14215A530A00D9EC2B /* Build configuration list for PBXNativeTarget "MYAPP" */;
			buildPhases = (
				B1D7323A81BEB7EE4E7F2286 /* [CP] Check Pods Manifest.lock */,
				D066AEE8215A530900D9EC2B /* Sources */,
				D066AEE9215A530900D9EC2B /* Frameworks */,
				D066AEEA215A530900D9EC2B /* Resources */,
				6420426598E48E82E40C8952 /* [CP] Embed Pods Frameworks */,
			);
			buildRules = (
			);
			dependencies = (
			);
			name = MYAPP;
			productName = MYAPP;
			productReference = D066AEEC215A530900D9EC2B /* MYAPP.app */;
			productType = "com.apple.product-type.application";
		};
		D066AEFF215A530A00D9EC2B /* MYAPPTests */ = {
			isa = PBXNativeTarget;
			buildConfigurationList = D066AF17215A530A00D9EC2B /* Build configuration list for PBXNativeTarget "MYAPPTests" */;
			buildPhases = (
				98A0A12CA4A892F20BB68168 /* [CP] Check Pods Manifest.lock */,
				D066AEFC215A530A00D9EC2B /* Sources */,
				D066AEFD215A530A00D9EC2B /* Frameworks */,
				D066AEFE215A530A00D9EC2B /* Resources */,
			);
			buildRules = (
			);
			dependencies = (
				D066AF02215A530A00D9EC2B /* PBXTargetDependency */,
			);
			name = MYAPPTests;
			productName = MYAPPTests;
			productReference = D066AF00215A530A00D9EC2B /* MYAPPTests.xctest */;
			productType = "com.apple.product-type.bundle.unit-test";
		};
		D066AF0A215A530A00D9EC2B /* MYAPPUITests */ = {
			isa = PBXNativeTarget;
			buildConfigurationList = D066AF1A215A530A00D9EC2B /* Build configuration list for PBXNativeTarget "MYAPPUITests" */;
			buildPhases = (
				02B637F6DCE5D1A850C15CB5 /* [CP] Check Pods Manifest.lock */,
				D066AF07215A530A00D9EC2B /* Sources */,
				D066AF08215A530A00D9EC2B /* Frameworks */,
				D066AF09215A530A00D9EC2B /* Resources */,
			);
			buildRules = (
			);
			dependencies = (
				D066AF0D215A530A00D9EC2B /* PBXTargetDependency */,
			);
			name = MYAPPUITests;
			productName = MYAPPUITests;
			productReference = D066AF0B215A530A00D9EC2B /* MYAPPUITests.xctest */;
			productType = "com.apple.product-type.bundle.ui-testing";
		};
/* End PBXNativeTarget section */

/* Begin PBXProject section */
		D066AEE4215A530900D9EC2B /* Project object */ = {
			isa = PBXProject;
			attributes = {
				LastSwiftUpdateCheck = 1000;
				LastUpgradeCheck = 1000;
				ORGANIZATIONNAME = "XY CHUH";
				TargetAttributes = {
					D066AEEB215A530900D9EC2B = {
						CreatedOnToolsVersion = 10.0;
					};
					D066AEFF215A530A00D9EC2B = {
						CreatedOnToolsVersion = 10.0;
						TestTargetID = D066AEEB215A530900D9EC2B;
					};
					D066AF0A215A530A00D9EC2B = {
						CreatedOnToolsVersion = 10.0;
						TestTargetID = D066AEEB215A530900D9EC2B;
					};
				};
			};
			buildConfigurationList = D066AEE7215A530900D9EC2B /* Build configuration list for PBXProject "MYAPP" */;
			compatibilityVersion = "Xcode 9.3";
			developmentRegion = en;
			hasScannedForEncodings = 0;
			knownRegions = (
				en,
				Base,
			);
			mainGroup = D066AEE3215A530900D9EC2B;
			productRefGroup = D066AEED215A530900D9EC2B /* Products */;
			projectDirPath = "";
			projectRoot = "";
			targets = (
				D066AEEB215A530900D9EC2B /* MYAPP */,
				D066AEFF215A530A00D9EC2B /* MYAPPTests */,
				D066AF0A215A530A00D9EC2B /* MYAPPUITests */,
			);
		};
/* End PBXProject section */

/* Begin PBXResourcesBuildPhase section */
		D066AEEA215A530900D9EC2B /* Resources */ = {
			isa = PBXResourcesBuildPhase;
			buildActionMask = 2147483647;
			files = (
				D03C0365215B9704006CAAF0 /* Follow.storyboard in Resources */,
				D0290B81216BB81C00AA9D5A /* CollectionHeaderView.xib in Resources */,
				D066AEFA215A530A00D9EC2B /* LaunchScreen.storyboard in Resources */,
				D066AEF7215A530A00D9EC2B /* Assets.xcassets in Resources */,
				D09262B5216E0B3E00A11EE3 /* CollectionViewSpecialCell.xib in Resources */,
				D03C0362215B96BA006CAAF0 /* Live.storyboard in Resources */,
				D09262B1216DFBB000A11EE3 /* CollectionViewNormalCell.xib in Resources */,
				D066AEF5215A530900D9EC2B /* Main.storyboard in Resources */,
				D0C4A324215B988F00DED35F /* Profile.storyboard in Resources */,
				D03C035F215B95D8006CAAF0 /* Home.storyboard in Resources */,
			);
			runOnlyForDeploymentPostprocessing = 0;
		};
		D066AEFE215A530A00D9EC2B /* Resources */ = {
			isa = PBXResourcesBuildPhase;
			buildActionMask = 2147483647;
			files = (
			);
			runOnlyForDeploymentPostprocessing = 0;
		};
		D066AF09215A530A00D9EC2B /* Resources */ = {
			isa = PBXResourcesBuildPhase;
			buildActionMask = 2147483647;
			files = (
			);
			runOnlyForDeploymentPostprocessing = 0;
		};
/* End PBXResourcesBuildPhase section */

/* Begin PBXShellScriptBuildPhase section */
		02B637F6DCE5D1A850C15CB5 /* [CP] Check Pods Manifest.lock */ = {
			isa = PBXShellScriptBuildPhase;
			buildActionMask = 2147483647;
			files = (
			);
			inputFileListPaths = (
			);
			inputPaths = (
				"${PODS_PODFILE_DIR_PATH}/Podfile.lock",
				"${PODS_ROOT}/Manifest.lock",
			);
			name = "[CP] Check Pods Manifest.lock";
			outputFileListPaths = (
			);
			outputPaths = (
				"$(DERIVED_FILE_DIR)/Pods-MYAPPUITests-checkManifestLockResult.txt",
			);
			runOnlyForDeploymentPostprocessing = 0;
			shellPath = /bin/sh;
			shellScript = "diff \"${PODS_PODFILE_DIR_PATH}/Podfile.lock\" \"${PODS_ROOT}/Manifest.lock\" > /dev/null\nif [ $? != 0 ] ; then\n    # print error to STDERR\n    echo \"error: The sandbox is not in sync with the Podfile.lock. Run 'pod install' or update your CocoaPods installation.\" >&2\n    exit 1\nfi\n# This output is used by Xcode 'outputs' to avoid re-running this script phase.\necho \"SUCCESS\" > \"${SCRIPT_OUTPUT_FILE_0}\"\n";
			showEnvVarsInLog = 0;
		};
		6420426598E48E82E40C8952 /* [CP] Embed Pods Frameworks */ = {
			isa = PBXShellScriptBuildPhase;
			buildActionMask = 2147483647;
			files = (
			);
			inputFileListPaths = (
			);
			inputPaths = (
				"${SRCROOT}/Pods/Target Support Files/Pods-MYAPP/Pods-MYAPP-frameworks.sh",
				"${BUILT_PRODUCTS_DIR}/Alamofire/Alamofire.framework",
			);
			name = "[CP] Embed Pods Frameworks";
			outputFileListPaths = (
			);
			outputPaths = (
				"${TARGET_BUILD_DIR}/${FRAMEWORKS_FOLDER_PATH}/Alamofire.framework",
			);
			runOnlyForDeploymentPostprocessing = 0;
			shellPath = /bin/sh;
			shellScript = "\"${SRCROOT}/Pods/Target Support Files/Pods-MYAPP/Pods-MYAPP-frameworks.sh\"\n";
			showEnvVarsInLog = 0;
		};
		98A0A12CA4A892F20BB68168 /* [CP] Check Pods Manifest.lock */ = {
			isa = PBXShellScriptBuildPhase;
			buildActionMask = 2147483647;
			files = (
			);
			inputFileListPaths = (
			);
			inputPaths = (
				"${PODS_PODFILE_DIR_PATH}/Podfile.lock",
				"${PODS_ROOT}/Manifest.lock",
			);
			name = "[CP] Check Pods Manifest.lock";
			outputFileListPaths = (
			);
			outputPaths = (
				"$(DERIVED_FILE_DIR)/Pods-MYAPPTests-checkManifestLockResult.txt",
			);
			runOnlyForDeploymentPostprocessing = 0;
			shellPath = /bin/sh;
			shellScript = "diff \"${PODS_PODFILE_DIR_PATH}/Podfile.lock\" \"${PODS_ROOT}/Manifest.lock\" > /dev/null\nif [ $? != 0 ] ; then\n    # print error to STDERR\n    echo \"error: The sandbox is not in sync with the Podfile.lock. Run 'pod install' or update your CocoaPods installation.\" >&2\n    exit 1\nfi\n# This output is used by Xcode 'outputs' to avoid re-running this script phase.\necho \"SUCCESS\" > \"${SCRIPT_OUTPUT_FILE_0}\"\n";
			showEnvVarsInLog = 0;
		};
		B1D7323A81BEB7EE4E7F2286 /* [CP] Check Pods Manifest.lock */ = {
			isa = PBXShellScriptBuildPhase;
			buildActionMask = 2147483647;
			files = (
			);
			inputFileListPaths = (
			);
			inputPaths = (
				"${PODS_PODFILE_DIR_PATH}/Podfile.lock",
				"${PODS_ROOT}/Manifest.lock",
			);
			name = "[CP] Check Pods Manifest.lock";
			outputFileListPaths = (
			);
			outputPaths = (
				"$(DERIVED_FILE_DIR)/Pods-MYAPP-checkManifestLockResult.txt",
			);
			runOnlyForDeploymentPostprocessing = 0;
			shellPath = /bin/sh;
			shellScript = "diff \"${PODS_PODFILE_DIR_PATH}/Podfile.lock\" \"${PODS_ROOT}/Manifest.lock\" > /dev/null\nif [ $? != 0 ] ; then\n    # print error to STDERR\n    echo \"error: The sandbox is not in sync with the Podfile.lock. Run 'pod install' or update your CocoaPods installation.\" >&2\n    exit 1\nfi\n# This output is used by Xcode 'outputs' to avoid re-running this script phase.\necho \"SUCCESS\" > \"${SCRIPT_OUTPUT_FILE_0}\"\n";
			showEnvVarsInLog = 0;
		};
/* End PBXShellScriptBuildPhase section */

/* Begin PBXSourcesBuildPhase section */
		D066AEE8215A530900D9EC2B /* Sources */ = {
			isa = PBXSourcesBuildPhase;
			buildActionMask = 2147483647;
			files = (
				D0290B80216BB81C00AA9D5A /* CollectionHeaderView.swift in Sources */,
				D0AE9CE4215E57D300A5137D /* PageTitleView.swift in Sources */,
				D05352E421688BB800B5ECA6 /* RecommendViewController.swift in Sources */,
				D09262B0216DFBB000A11EE3 /* CollectionViewNormalCell.swift in Sources */,
				D071587D2164785C0028E407 /* PageContentView.swift in Sources */,
				D066AEF0215A530900D9EC2B /* AppDelegate.swift in Sources */,
				D09262B4216E0B3E00A11EE3 /* CollectionViewSpecialCell.swift in Sources */,
				D0C4A338215BB15D00DED35F /* HomeViewController.swift in Sources */,
				D0FBA46C2174BB19005A39D4 /* NetworkTools.swift in Sources */,
				D0AE9CE0215E2E2B00A5137D /* UIBarButtonItem-Extension.swift in Sources */,
				D071587F21648CC90028E407 /* UIColor-Extension.swift in Sources */,
				D05140C62160D3A500550A0A /* common.swift in Sources */,
			);
			runOnlyForDeploymentPostprocessing = 0;
		};
		D066AEFC215A530A00D9EC2B /* Sources */ = {
			isa = PBXSourcesBuildPhase;
			buildActionMask = 2147483647;
			files = (
			);
			runOnlyForDeploymentPostprocessing = 0;
		};
		D066AF07215A530A00D9EC2B /* Sources */ = {
			isa = PBXSourcesBuildPhase;
			buildActionMask = 2147483647;
			files = (
			);
			runOnlyForDeploymentPostprocessing = 0;
		};
/* End PBXSourcesBuildPhase section */

/* Begin PBXTargetDependency section */
		D066AF02215A530A00D9EC2B /* PBXTargetDependency */ = {
			isa = PBXTargetDependency;
			target = D066AEEB215A530900D9EC2B /* MYAPP */;
			targetProxy = D066AF01215A530A00D9EC2B /* PBXContainerItemProxy */;
		};
		D066AF0D215A530A00D9EC2B /* PBXTargetDependency */ = {
			isa = PBXTargetDependency;
			target = D066AEEB215A530900D9EC2B /* MYAPP */;
			targetProxy = D066AF0C215A530A00D9EC2B /* PBXContainerItemProxy */;
		};
/* End PBXTargetDependency section */

/* Begin PBXVariantGroup section */
		D03C035D215B95D8006CAAF0 /* Home.storyboard */ = {
			isa = PBXVariantGroup;
			children = (
				D03C035E215B95D8006CAAF0 /* Base */,
			);
			name = Home.storyboard;
			sourceTree = "<group>";
		};
		D03C0360215B96BA006CAAF0 /* Live.storyboard */ = {
			isa = PBXVariantGroup;
			children = (
				D03C0361215B96BA006CAAF0 /* Base */,
			);
			name = Live.storyboard;
			sourceTree = "<group>";
		};
		D03C0363215B9704006CAAF0 /* Follow.storyboard */ = {
			isa = PBXVariantGroup;
			children = (
				D03C0364215B9704006CAAF0 /* Base */,
			);
			name = Follow.storyboard;
			sourceTree = "<group>";
		};
		D066AEF3215A530900D9EC2B /* Main.storyboard */ = {
			isa = PBXVariantGroup;
			children = (
				D066AEF4215A530900D9EC2B /* Base */,
			);
			name = Main.storyboard;
			sourceTree = "<group>";
		};
		D066AEF8215A530A00D9EC2B /* LaunchScreen.storyboard */ = {
			isa = PBXVariantGroup;
			children = (
				D066AEF9215A530A00D9EC2B /* Base */,
			);
			name = LaunchScreen.storyboard;
			sourceTree = "<group>";
		};
/* End PBXVariantGroup section */

/* Begin XCBuildConfiguration section */
		D066AF12215A530A00D9EC2B /* Debug */ = {
			isa = XCBuildConfiguration;
			buildSettings = {
				ALWAYS_SEARCH_USER_PATHS = NO;
				CLANG_ANALYZER_NONNULL = YES;
				CLANG_ANALYZER_NUMBER_OBJECT_CONVERSION = YES_AGGRESSIVE;
				CLANG_CXX_LANGUAGE_STANDARD = "gnu++14";
				CLANG_CXX_LIBRARY = "libc++";
				CLANG_ENABLE_MODULES = YES;
				CLANG_ENABLE_OBJC_ARC = YES;
				CLANG_ENABLE_OBJC_WEAK = YES;
				CLANG_WARN_BLOCK_CAPTURE_AUTORELEASING = YES;
				CLANG_WARN_BOOL_CONVERSION = YES;
				CLANG_WARN_COMMA = YES;
				CLANG_WARN_CONSTANT_CONVERSION = YES;
				CLANG_WARN_DEPRECATED_OBJC_IMPLEMENTATIONS = YES;
				CLANG_WARN_DIRECT_OBJC_ISA_USAGE = YES_ERROR;
				CLANG_WARN_DOCUMENTATION_COMMENTS = YES;
				CLANG_WARN_EMPTY_BODY = YES;
				CLANG_WARN_ENUM_CONVERSION = YES;
				CLANG_WARN_INFINITE_RECURSION = YES;
				CLANG_WARN_INT_CONVERSION = YES;
				CLANG_WARN_NON_LITERAL_NULL_CONVERSION = YES;
				CLANG_WARN_OBJC_IMPLICIT_RETAIN_SELF = YES;
				CLANG_WARN_OBJC_LITERAL_CONVERSION = YES;
				CLANG_WARN_OBJC_ROOT_CLASS = YES_ERROR;
				CLANG_WARN_RANGE_LOOP_ANALYSIS = YES;
				CLANG_WARN_STRICT_PROTOTYPES = YES;
				CLANG_WARN_SUSPICIOUS_MOVE = YES;
				CLANG_WARN_UNGUARDED_AVAILABILITY = YES_AGGRESSIVE;
				CLANG_WARN_UNREACHABLE_CODE = YES;
				CLANG_WARN__DUPLICATE_METHOD_MATCH = YES;
				CODE_SIGN_IDENTITY = "iPhone Developer";
				COPY_PHASE_STRIP = NO;
				DEBUG_INFORMATION_FORMAT = dwarf;
				ENABLE_STRICT_OBJC_MSGSEND = YES;
				ENABLE_TESTABILITY = YES;
				GCC_C_LANGUAGE_STANDARD = gnu11;
				GCC_DYNAMIC_NO_PIC = NO;
				GCC_NO_COMMON_BLOCKS = YES;
				GCC_OPTIMIZATION_LEVEL = 0;
				GCC_PREPROCESSOR_DEFINITIONS = (
					"DEBUG=1",
					"$(inherited)",
				);
				GCC_WARN_64_TO_32_BIT_CONVERSION = YES;
				GCC_WARN_ABOUT_RETURN_TYPE = YES_ERROR;
				GCC_WARN_UNDECLARED_SELECTOR = YES;
				GCC_WARN_UNINITIALIZED_AUTOS = YES_AGGRESSIVE;
				GCC_WARN_UNUSED_FUNCTION = YES;
				GCC_WARN_UNUSED_VARIABLE = YES;
				IPHONEOS_DEPLOYMENT_TARGET = 12.0;
				MTL_ENABLE_DEBUG_INFO = INCLUDE_SOURCE;
				MTL_FAST_MATH = YES;
				ONLY_ACTIVE_ARCH = YES;
				SDKROOT = iphoneos;
				SWIFT_ACTIVE_COMPILATION_CONDITIONS = DEBUG;
				SWIFT_OPTIMIZATION_LEVEL = "-Onone";
			};
			name = Debug;
		};
		D066AF13215A530A00D9EC2B /* Release */ = {
			isa = XCBuildConfiguration;
			buildSettings = {
				ALWAYS_SEARCH_USER_PATHS = NO;
				CLANG_ANALYZER_NONNULL = YES;
				CLANG_ANALYZER_NUMBER_OBJECT_CONVERSION = YES_AGGRESSIVE;
				CLANG_CXX_LANGUAGE_STANDARD = "gnu++14";
				CLANG_CXX_LIBRARY = "libc++";
				CLANG_ENABLE_MODULES = YES;
				CLANG_ENABLE_OBJC_ARC = YES;
				CLANG_ENABLE_OBJC_WEAK = YES;
				CLANG_WARN_BLOCK_CAPTURE_AUTORELEASING = YES;
				CLANG_WARN_BOOL_CONVERSION = YES;
				CLANG_WARN_COMMA = YES;
				CLANG_WARN_CONSTANT_CONVERSION = YES;
				CLANG_WARN_DEPRECATED_OBJC_IMPLEMENTATIONS = YES;
				CLANG_WARN_DIRECT_OBJC_ISA_USAGE = YES_ERROR;
				CLANG_WARN_DOCUMENTATION_COMMENTS = YES;
				CLANG_WARN_EMPTY_BODY = YES;
				CLANG_WARN_ENUM_CONVERSION = YES;
				CLANG_WARN_INFINITE_RECURSION = YES;
				CLANG_WARN_INT_CONVERSION = YES;
				CLANG_WARN_NON_LITERAL_NULL_CONVERSION = YES;
				CLANG_WARN_OBJC_IMPLICIT_RETAIN_SELF = YES;
				CLANG_WARN_OBJC_LITERAL_CONVERSION = YES;
				CLANG_WARN_OBJC_ROOT_CLASS = YES_ERROR;
				CLANG_WARN_RANGE_LOOP_ANALYSIS = YES;
				CLANG_WARN_STRICT_PROTOTYPES = YES;
				CLANG_WARN_SUSPICIOUS_MOVE = YES;
				CLANG_WARN_UNGUARDED_AVAILABILITY = YES_AGGRESSIVE;
				CLANG_WARN_UNREACHABLE_CODE = YES;
				CLANG_WARN__DUPLICATE_METHOD_MATCH = YES;
				CODE_SIGN_IDENTITY = "iPhone Developer";
				COPY_PHASE_STRIP = NO;
				DEBUG_INFORMATION_FORMAT = "dwarf-with-dsym";
				ENABLE_NS_ASSERTIONS = NO;
				ENABLE_STRICT_OBJC_MSGSEND = YES;
				GCC_C_LANGUAGE_STANDARD = gnu11;
				GCC_NO_COMMON_BLOCKS = YES;
				GCC_WARN_64_TO_32_BIT_CONVERSION = YES;
				GCC_WARN_ABOUT_RETURN_TYPE = YES_ERROR;
				GCC_WARN_UNDECLARED_SELECTOR = YES;
				GCC_WARN_UNINITIALIZED_AUTOS = YES_AGGRESSIVE;
				GCC_WARN_UNUSED_FUNCTION = YES;
				GCC_WARN_UNUSED_VARIABLE = YES;
				IPHONEOS_DEPLOYMENT_TARGET = 12.0;
				MTL_ENABLE_DEBUG_INFO = NO;
				MTL_FAST_MATH = YES;
				SDKROOT = iphoneos;
				SWIFT_COMPILATION_MODE = wholemodule;
				SWIFT_OPTIMIZATION_LEVEL = "-O";
				VALIDATE_PRODUCT = YES;
			};
			name = Release;
		};
		D066AF15215A530A00D9EC2B /* Debug */ = {
			isa = XCBuildConfiguration;
			baseConfigurationReference = 622229A035B36AA7442FAC87 /* Pods-MYAPP.debug.xcconfig */;
			buildSettings = {
				ASSETCATALOG_COMPILER_APPICON_NAME = AppIcon;
				ASSETCATALOG_COMPILER_LAUNCHIMAGE_NAME = LaunchImage;
				CODE_SIGN_STYLE = Automatic;
				DEVELOPMENT_TEAM = "";
				INFOPLIST_FILE = MYAPP/Info.plist;
				LD_RUNPATH_SEARCH_PATHS = (
					"$(inherited)",
					"@executable_path/Frameworks",
				);
				PRODUCT_BUNDLE_IDENTIFIER = com.nankai.MYAPP;
				PRODUCT_NAME = "$(TARGET_NAME)";
				SWIFT_VERSION = 4.2;
				TARGETED_DEVICE_FAMILY = 1;
			};
			name = Debug;
		};
		D066AF16215A530A00D9EC2B /* Release */ = {
			isa = XCBuildConfiguration;
			baseConfigurationReference = F63D63456F2712F97556CD48 /* Pods-MYAPP.release.xcconfig */;
			buildSettings = {
				ASSETCATALOG_COMPILER_APPICON_NAME = AppIcon;
				ASSETCATALOG_COMPILER_LAUNCHIMAGE_NAME = LaunchImage;
				CODE_SIGN_STYLE = Automatic;
				DEVELOPMENT_TEAM = "";
				INFOPLIST_FILE = MYAPP/Info.plist;
				LD_RUNPATH_SEARCH_PATHS = (
					"$(inherited)",
					"@executable_path/Frameworks",
				);
				PRODUCT_BUNDLE_IDENTIFIER = com.nankai.MYAPP;
				PRODUCT_NAME = "$(TARGET_NAME)";
				SWIFT_VERSION = 4.2;
				TARGETED_DEVICE_FAMILY = 1;
			};
			name = Release;
		};
		D066AF18215A530A00D9EC2B /* Debug */ = {
			isa = XCBuildConfiguration;
			baseConfigurationReference = CCF1287721315F8519E63DD9 /* Pods-MYAPPTests.debug.xcconfig */;
			buildSettings = {
				ALWAYS_EMBED_SWIFT_STANDARD_LIBRARIES = YES;
				BUNDLE_LOADER = "$(TEST_HOST)";
				CODE_SIGN_STYLE = Automatic;
				INFOPLIST_FILE = MYAPPTests/Info.plist;
				LD_RUNPATH_SEARCH_PATHS = (
					"$(inherited)",
					"@executable_path/Frameworks",
					"@loader_path/Frameworks",
				);
				PRODUCT_BUNDLE_IDENTIFIER = com.nankai.MYAPPTests;
				PRODUCT_NAME = "$(TARGET_NAME)";
				SWIFT_VERSION = 4.2;
				TARGETED_DEVICE_FAMILY = "1,2";
				TEST_HOST = "$(BUILT_PRODUCTS_DIR)/MYAPP.app/MYAPP";
			};
			name = Debug;
		};
		D066AF19215A530A00D9EC2B /* Release */ = {
			isa = XCBuildConfiguration;
			baseConfigurationReference = 4085B325857C05BA1AE656B3 /* Pods-MYAPPTests.release.xcconfig */;
			buildSettings = {
				ALWAYS_EMBED_SWIFT_STANDARD_LIBRARIES = YES;
				BUNDLE_LOADER = "$(TEST_HOST)";
				CODE_SIGN_STYLE = Automatic;
				INFOPLIST_FILE = MYAPPTests/Info.plist;
				LD_RUNPATH_SEARCH_PATHS = (
					"$(inherited)",
					"@executable_path/Frameworks",
					"@loader_path/Frameworks",
				);
				PRODUCT_BUNDLE_IDENTIFIER = com.nankai.MYAPPTests;
				PRODUCT_NAME = "$(TARGET_NAME)";
				SWIFT_VERSION = 4.2;
				TARGETED_DEVICE_FAMILY = "1,2";
				TEST_HOST = "$(BUILT_PRODUCTS_DIR)/MYAPP.app/MYAPP";
			};
			name = Release;
		};
		D066AF1B215A530A00D9EC2B /* Debug */ = {
			isa = XCBuildConfiguration;
			baseConfigurationReference = 4A3AF678B1354E32D792C279 /* Pods-MYAPPUITests.debug.xcconfig */;
			buildSettings = {
				ALWAYS_EMBED_SWIFT_STANDARD_LIBRARIES = YES;
				CODE_SIGN_STYLE = Automatic;
				INFOPLIST_FILE = MYAPPUITests/Info.plist;
				LD_RUNPATH_SEARCH_PATHS = (
					"$(inherited)",
					"@executable_path/Frameworks",
					"@loader_path/Frameworks",
				);
				PRODUCT_BUNDLE_IDENTIFIER = com.nankai.MYAPPUITests;
				PRODUCT_NAME = "$(TARGET_NAME)";
				SWIFT_VERSION = 4.2;
				TARGETED_DEVICE_FAMILY = "1,2";
				TEST_TARGET_NAME = MYAPP;
			};
			name = Debug;
		};
		D066AF1C215A530A00D9EC2B /* Release */ = {
			isa = XCBuildConfiguration;
			baseConfigurationReference = A3F6646DAE988077C2C26A16 /* Pods-MYAPPUITests.release.xcconfig */;
			buildSettings = {
				ALWAYS_EMBED_SWIFT_STANDARD_LIBRARIES = YES;
				CODE_SIGN_STYLE = Automatic;
				INFOPLIST_FILE = MYAPPUITests/Info.plist;
				LD_RUNPATH_SEARCH_PATHS = (
					"$(inherited)",
					"@executable_path/Frameworks",
					"@loader_path/Frameworks",
				);
				PRODUCT_BUNDLE_IDENTIFIER = com.nankai.MYAPPUITests;
				PRODUCT_NAME = "$(TARGET_NAME)";
				SWIFT_VERSION = 4.2;
				TARGETED_DEVICE_FAMILY = "1,2";
				TEST_TARGET_NAME = MYAPP;
			};
			name = Release;
		};
/* End XCBuildConfiguration section */

/* Begin XCConfigurationList section */
		D066AEE7215A530900D9EC2B /* Build configuration list for PBXProject "MYAPP" */ = {
			isa = XCConfigurationList;
			buildConfigurations = (
				D066AF12215A530A00D9EC2B /* Debug */,
				D066AF13215A530A00D9EC2B /* Release */,
			);
			defaultConfigurationIsVisible = 0;
			defaultConfigurationName = Release;
		};
		D066AF14215A530A00D9EC2B /* Build configuration list for PBXNativeTarget "MYAPP" */ = {
			isa = XCConfigurationList;
			buildConfigurations = (
				D066AF15215A530A00D9EC2B /* Debug */,
				D066AF16215A530A00D9EC2B /* Release */,
			);
			defaultConfigurationIsVisible = 0;
			defaultConfigurationName = Release;
		};
		D066AF17215A530A00D9EC2B /* Build configuration list for PBXNativeTarget "MYAPPTests" */ = {
			isa = XCConfigurationList;
			buildConfigurations = (
				D066AF18215A530A00D9EC2B /* Debug */,
				D066AF19215A530A00D9EC2B /* Release */,
			);
			defaultConfigurationIsVisible = 0;
			defaultConfigurationName = Release;
		};
		D066AF1A215A530A00D9EC2B /* Build configuration list for PBXNativeTarget "MYAPPUITests" */ = {
			isa = XCConfigurationList;
			buildConfigurations = (
				D066AF1B215A530A00D9EC2B /* Debug */,
				D066AF1C215A530A00D9EC2B /* Release */,
			);
			defaultConfigurationIsVisible = 0;
			defaultConfigurationName = Release;
		};
/* End XCConfigurationList section */
	};
	rootObject = D066AEE4215A530900D9EC2B /* Project object */;
}
